
Microsoft Visual Studio Solution File, Format Version 12.00
# Visual Studio Version 17
VisualStudioVersion = 17.4.33205.214
MinimumVisualStudioVersion = 10.0.40219.1
Project("{FAE04EC0-301F-11D3-BF4B-00C04F79EFBC}") = "Minesweeper", "Minesweeper\Minesweeper.csproj", "{7B2EC9C4-655A-44BA-B3B9-E4286800DDA2}"
EndProject
Project("{FAE04EC0-301F-11D3-BF4B-00C04F79EFBC}") = "MinesweeperTest", "MinesweeperTest\MinesweeperTest.csproj", "{FAF9415A-30FE-455E-B9BE-3ED5C61FDB2A}"
EndProject
Global
	GlobalSection(SolutionConfigurationPlatforms) = preSolution
		Debug|Any CPU = Debug|Any CPU
		Release|Any CPU = Release|Any CPU
	EndGlobalSection
	GlobalSection(ProjectConfigurationPlatforms) = postSolution
		{7B2EC9C4-655A-44BA-B3B9-E4286800DDA2}.Debug|Any CPU.ActiveCfg = Debug|Any CPU
		{7B2EC9C4-655A-44BA-B3B9-E4286800DDA2}.Debug|Any CPU.Build.0 = Debug|Any CPU
		{7B2EC9C4-655A-44BA-B3B9-E4286800DDA2}.Release|Any CPU.ActiveCfg = Release|Any CPU
		{7B2EC9C4-655A-44BA-B3B9-E4286800DDA2}.Release|Any CPU.Build.0 = Release|Any CPU
		{FAF9415A-30FE-455E-B9BE-3ED5C61FDB2A}.Debug|Any CPU.ActiveCfg = Debug|Any CPU
		{FAF9415A-30FE-455E-B9BE-3ED5C61FDB2A}.Debug|Any CPU.Build.0 = Debug|Any CPU
		{FAF9415A-30FE-455E-B9BE-3ED5C61FDB2A}.Release|Any CPU.ActiveCfg = Release|Any CPU
		{FAF9415A-30FE-455E-B9BE-3ED5C61FDB2A}.Release|Any CPU.Build.0 = Release|Any CPU
	EndGlobalSection
	GlobalSection(SolutionProperties) = preSolution
		HideSolutionNode = FALSE
	EndGlobalSection
	GlobalSection(ExtensibilityGlobals) = postSolution
		SolutionGuid = {AE19A201-3F7B-4BD2-9CC1-DEB15B21CF8B}
	EndGlobalSection
EndGlobal
